
Microsoft Visual Studio Solution File, Format Version 12.00
# Visual Studio Version 17
VisualStudioVersion = 17.8.34322.80
MinimumVisualStudioVersion = 10.0.40219.1
Project("{9A19103F-16F7-4668-BE54-9A1E7A4F7556}") = "TCPserver", "TCPserver\TCPserver.csproj", "{FBB4FF2A-73CC-4213-9783-B779B306D0AE}"
EndProject
Project("{FAE04EC0-301F-11D3-BF4B-00C04F79EFBC}") = "TCPclient", "TCPclient\TCPclient.csproj", "{D4F4C494-D57D-4C7F-9EAD-6DB2F87DC88F}"
EndProject
Global
	GlobalSection(SolutionConfigurationPlatforms) = preSolution
		Debug|Any CPU = Debug|Any CPU
		Release|Any CPU = Release|Any CPU
	EndGlobalSection
	GlobalSection(ProjectConfigurationPlatforms) = postSolution
		{FBB4FF2A-73CC-4213-9783-B779B306D0AE}.Debug|Any CPU.ActiveCfg = Debug|Any CPU
		{FBB4FF2A-73CC-4213-9783-B779B306D0AE}.Debug|Any CPU.Build.0 = Debug|Any CPU
		{FBB4FF2A-73CC-4213-9783-B779B306D0AE}.Release|Any CPU.ActiveCfg = Release|Any CPU
		{FBB4FF2A-73CC-4213-9783-B779B306D0AE}.Release|Any CPU.Build.0 = Release|Any CPU
		{D4F4C494-D57D-4C7F-9EAD-6DB2F87DC88F}.Debug|Any CPU.ActiveCfg = Debug|Any CPU
		{D4F4C494-D57D-4C7F-9EAD-6DB2F87DC88F}.Debug|Any CPU.Build.0 = Debug|Any CPU
		{D4F4C494-D57D-4C7F-9EAD-6DB2F87DC88F}.Release|Any CPU.ActiveCfg = Release|Any CPU
		{D4F4C494-D57D-4C7F-9EAD-6DB2F87DC88F}.Release|Any CPU.Build.0 = Release|Any CPU
	EndGlobalSection
	GlobalSection(SolutionProperties) = preSolution
		HideSolutionNode = FALSE
	EndGlobalSection
	GlobalSection(ExtensibilityGlobals) = postSolution
		SolutionGuid = {112B8EF7-F745-4158-BAC5-6A810EB08C41}
	EndGlobalSection
EndGlobal
